
Microsoft Visual Studio Solution File, Format Version 12.00
# Visual Studio Version 17
VisualStudioVersion = 17.0.31903.59
MinimumVisualStudioVersion = 10.0.40219.1
Project("{FAE04EC0-301F-11D3-BF4B-00C04F79EFBC}") = "main", "main\main.csproj", "{51B483C9-9FB7-4B6C-B303-FEB1909AA41B}"
EndProject
Global
	GlobalSection(SolutionConfigurationPlatforms) = preSolution
		Debug|Any CPU = Debug|Any CPU
		Release|Any CPU = Release|Any CPU
	EndGlobalSection
	GlobalSection(SolutionProperties) = preSolution
		HideSolutionNode = FALSE
	EndGlobalSection
	GlobalSection(ProjectConfigurationPlatforms) = postSolution
		{51B483C9-9FB7-4B6C-B303-FEB1909AA41B}.Debug|Any CPU.ActiveCfg = Debug|Any CPU
		{51B483C9-9FB7-4B6C-B303-FEB1909AA41B}.Debug|Any CPU.Build.0 = Debug|Any CPU
		{51B483C9-9FB7-4B6C-B303-FEB1909AA41B}.Release|Any CPU.ActiveCfg = Release|Any CPU
		{51B483C9-9FB7-4B6C-B303-FEB1909AA41B}.Release|Any CPU.Build.0 = Release|Any CPU
	EndGlobalSection
EndGlobal
